
Microsoft Visual Studio Solution File, Format Version 12.00
# Visual Studio Version 16
VisualStudioVersion = 16.0.31424.327
MinimumVisualStudioVersion = 10.0.40219.1
Project("{FAE04EC0-301F-11D3-BF4B-00C04F79EFBC}") = "Ejercicio 1 -", "Ejercicio 1 -\Ejercicio 1 -.csproj", "{A0096302-A404-45BB-BC9B-B825B4F1D2D8}"
EndProject
Project("{FAE04EC0-301F-11D3-BF4B-00C04F79EFBC}") = "Ejercicio 2 -", "Ejercicio 2 -\Ejercicio 2 -.csproj", "{B70B4377-F42C-4B4D-BF91-42043B2F05D0}"
EndProject
Project("{FAE04EC0-301F-11D3-BF4B-00C04F79EFBC}") = "Ejercicio 3 -", "Ejercicio 3 -\Ejercicio 3 -.csproj", "{0CD9C983-9CEA-4F2A-9CBB-CAB8C9DF2648}"
EndProject
Project("{FAE04EC0-301F-11D3-BF4B-00C04F79EFBC}") = "Ejercicio 4 -", "Ejercicio 4 -\Ejercicio 4 -.csproj", "{337794BF-5CFB-451E-BDBB-208169E84E7F}"
EndProject
Project("{FAE04EC0-301F-11D3-BF4B-00C04F79EFBC}") = "Ejercicio 5 -", "Ejercicio 5 -\Ejercicio 5 -.csproj", "{00A84092-835E-4969-8CC2-AA34E55E8D8F}"
EndProject
Global
	GlobalSection(SolutionConfigurationPlatforms) = preSolution
		Debug|Any CPU = Debug|Any CPU
		Release|Any CPU = Release|Any CPU
	EndGlobalSection
	GlobalSection(ProjectConfigurationPlatforms) = postSolution
		{A0096302-A404-45BB-BC9B-B825B4F1D2D8}.Debug|Any CPU.ActiveCfg = Debug|Any CPU
		{A0096302-A404-45BB-BC9B-B825B4F1D2D8}.Debug|Any CPU.Build.0 = Debug|Any CPU
		{A0096302-A404-45BB-BC9B-B825B4F1D2D8}.Release|Any CPU.ActiveCfg = Release|Any CPU
		{A0096302-A404-45BB-BC9B-B825B4F1D2D8}.Release|Any CPU.Build.0 = Release|Any CPU
		{B70B4377-F42C-4B4D-BF91-42043B2F05D0}.Debug|Any CPU.ActiveCfg = Debug|Any CPU
		{B70B4377-F42C-4B4D-BF91-42043B2F05D0}.Debug|Any CPU.Build.0 = Debug|Any CPU
		{B70B4377-F42C-4B4D-BF91-42043B2F05D0}.Release|Any CPU.ActiveCfg = Release|Any CPU
		{B70B4377-F42C-4B4D-BF91-42043B2F05D0}.Release|Any CPU.Build.0 = Release|Any CPU
		{0CD9C983-9CEA-4F2A-9CBB-CAB8C9DF2648}.Debug|Any CPU.ActiveCfg = Debug|Any CPU
		{0CD9C983-9CEA-4F2A-9CBB-CAB8C9DF2648}.Debug|Any CPU.Build.0 = Debug|Any CPU
		{0CD9C983-9CEA-4F2A-9CBB-CAB8C9DF2648}.Release|Any CPU.ActiveCfg = Release|Any CPU
		{0CD9C983-9CEA-4F2A-9CBB-CAB8C9DF2648}.Release|Any CPU.Build.0 = Release|Any CPU
		{337794BF-5CFB-451E-BDBB-208169E84E7F}.Debug|Any CPU.ActiveCfg = Debug|Any CPU
		{337794BF-5CFB-451E-BDBB-208169E84E7F}.Debug|Any CPU.Build.0 = Debug|Any CPU
		{337794BF-5CFB-451E-BDBB-208169E84E7F}.Release|Any CPU.ActiveCfg = Release|Any CPU
		{337794BF-5CFB-451E-BDBB-208169E84E7F}.Release|Any CPU.Build.0 = Release|Any CPU
		{00A84092-835E-4969-8CC2-AA34E55E8D8F}.Debug|Any CPU.ActiveCfg = Debug|Any CPU
		{00A84092-835E-4969-8CC2-AA34E55E8D8F}.Debug|Any CPU.Build.0 = Debug|Any CPU
		{00A84092-835E-4969-8CC2-AA34E55E8D8F}.Release|Any CPU.ActiveCfg = Release|Any CPU
		{00A84092-835E-4969-8CC2-AA34E55E8D8F}.Release|Any CPU.Build.0 = Release|Any CPU
	EndGlobalSection
	GlobalSection(SolutionProperties) = preSolution
		HideSolutionNode = FALSE
	EndGlobalSection
	GlobalSection(ExtensibilityGlobals) = postSolution
		SolutionGuid = {42E522A8-035D-4343-AC6F-586048926A35}
	EndGlobalSection
EndGlobal
